
Microsoft Visual Studio Solution File, Format Version 12.00
# Visual Studio 15
VisualStudioVersion = 15.0.27130.2027
MinimumVisualStudioVersion = 10.0.40219.1
Project("{FAE04EC0-301F-11D3-BF4B-00C04F79EFBC}") = "ParcerOlxSite", "ParcerOlxSite\ParcerOlxSite.csproj", "{D46982FE-1FCF-46E2-A342-8175CD96EF17}"
EndProject
Project("{FAE04EC0-301F-11D3-BF4B-00C04F79EFBC}") = "Data", "Data\Data.csproj", "{5A30BAA9-6D95-49E2-A1A2-1ACD4A30D4F5}"
EndProject
Project("{FAE04EC0-301F-11D3-BF4B-00C04F79EFBC}") = "AdParcer", "AdParcer\AdParcer.csproj", "{1D7904CD-7C15-459F-B63D-74C61EB4926D}"
EndProject
Project("{FAE04EC0-301F-11D3-BF4B-00C04F79EFBC}") = "CommonClassLibrary", "CommonClassLibrary\CommonClassLibrary.csproj", "{9FC43FCA-F2EF-4370-8BB6-A7CC14CE806F}"
EndProject
Project("{FAE04EC0-301F-11D3-BF4B-00C04F79EFBC}") = "Robot", "Robot\Robot.csproj", "{82643C3C-0AD3-4E54-AD98-6C036BDF1C0A}"
EndProject
Project("{FAE04EC0-301F-11D3-BF4B-00C04F79EFBC}") = "ParcerRozetka", "ParcerRozetka\ParcerRozetka.csproj", "{2A7A8D89-D0A1-467C-AD26-7EC51D8E2908}"
EndProject
Global
	GlobalSection(SolutionConfigurationPlatforms) = preSolution
		Debug|Any CPU = Debug|Any CPU
		Release|Any CPU = Release|Any CPU
	EndGlobalSection
	GlobalSection(ProjectConfigurationPlatforms) = postSolution
		{D46982FE-1FCF-46E2-A342-8175CD96EF17}.Debug|Any CPU.ActiveCfg = Debug|Any CPU
		{D46982FE-1FCF-46E2-A342-8175CD96EF17}.Debug|Any CPU.Build.0 = Debug|Any CPU
		{D46982FE-1FCF-46E2-A342-8175CD96EF17}.Release|Any CPU.ActiveCfg = Release|Any CPU
		{D46982FE-1FCF-46E2-A342-8175CD96EF17}.Release|Any CPU.Build.0 = Release|Any CPU
		{5A30BAA9-6D95-49E2-A1A2-1ACD4A30D4F5}.Debug|Any CPU.ActiveCfg = Debug|Any CPU
		{5A30BAA9-6D95-49E2-A1A2-1ACD4A30D4F5}.Debug|Any CPU.Build.0 = Debug|Any CPU
		{5A30BAA9-6D95-49E2-A1A2-1ACD4A30D4F5}.Release|Any CPU.ActiveCfg = Release|Any CPU
		{5A30BAA9-6D95-49E2-A1A2-1ACD4A30D4F5}.Release|Any CPU.Build.0 = Release|Any CPU
		{1D7904CD-7C15-459F-B63D-74C61EB4926D}.Debug|Any CPU.ActiveCfg = Debug|Any CPU
		{1D7904CD-7C15-459F-B63D-74C61EB4926D}.Debug|Any CPU.Build.0 = Debug|Any CPU
		{1D7904CD-7C15-459F-B63D-74C61EB4926D}.Release|Any CPU.ActiveCfg = Release|Any CPU
		{1D7904CD-7C15-459F-B63D-74C61EB4926D}.Release|Any CPU.Build.0 = Release|Any CPU
		{9FC43FCA-F2EF-4370-8BB6-A7CC14CE806F}.Debug|Any CPU.ActiveCfg = Debug|Any CPU
		{9FC43FCA-F2EF-4370-8BB6-A7CC14CE806F}.Debug|Any CPU.Build.0 = Debug|Any CPU
		{9FC43FCA-F2EF-4370-8BB6-A7CC14CE806F}.Release|Any CPU.ActiveCfg = Release|Any CPU
		{9FC43FCA-F2EF-4370-8BB6-A7CC14CE806F}.Release|Any CPU.Build.0 = Release|Any CPU
		{82643C3C-0AD3-4E54-AD98-6C036BDF1C0A}.Debug|Any CPU.ActiveCfg = Debug|Any CPU
		{82643C3C-0AD3-4E54-AD98-6C036BDF1C0A}.Debug|Any CPU.Build.0 = Debug|Any CPU
		{82643C3C-0AD3-4E54-AD98-6C036BDF1C0A}.Release|Any CPU.ActiveCfg = Release|Any CPU
		{82643C3C-0AD3-4E54-AD98-6C036BDF1C0A}.Release|Any CPU.Build.0 = Release|Any CPU
		{2A7A8D89-D0A1-467C-AD26-7EC51D8E2908}.Debug|Any CPU.ActiveCfg = Debug|Any CPU
		{2A7A8D89-D0A1-467C-AD26-7EC51D8E2908}.Debug|Any CPU.Build.0 = Debug|Any CPU
		{2A7A8D89-D0A1-467C-AD26-7EC51D8E2908}.Release|Any CPU.ActiveCfg = Release|Any CPU
		{2A7A8D89-D0A1-467C-AD26-7EC51D8E2908}.Release|Any CPU.Build.0 = Release|Any CPU
	EndGlobalSection
	GlobalSection(SolutionProperties) = preSolution
		HideSolutionNode = FALSE
	EndGlobalSection
	GlobalSection(ExtensibilityGlobals) = postSolution
		SolutionGuid = {B7CF8F6B-9669-4A48-83F5-2D7DC1C32EF9}
	EndGlobalSection
EndGlobal
